{
  "name": "drive-time-tracking",
  "version": "1.0.0",
  "lockfileVersion": 3,
  "requires": true,
  "packages": {
    "": {
      "name": "drive-time-tracking",
      "version": "1.0.0",
      "license": "ISC",
      "dependencies": {
        "html-template-tag-stream": "^1.1.2",
        "idb-keyval": "^6.2.1"
      }
    },
    "node_modules/html-template-tag-stream": {
      "version": "1.1.2",
      "resolved": "https://registry.npmjs.org/html-template-tag-stream/-/html-template-tag-stream-1.1.2.tgz",
      "integrity": "sha512-N5ded4BYfawjvw69OO7ea43SyL9JyU6gWrKHmz2nJNsJh0UDbDMF1GBrvPsFOQ+mjVrsCsYKkTVCfZDnl4krfQ=="
    },
    "node_modules/idb-keyval": {
      "version": "6.2.1",
      "resolved": "https://registry.npmjs.org/idb-keyval/-/idb-keyval-6.2.1.tgz",
      "integrity": "sha512-8Sb3veuYCyrZL+VBt9LJfZjLUPWVvqn8tG28VqYNFCo43KHcKuq+b4EiXGeuaLAQWL2YmyDgMp2aSpH9JHsEQg=="
    }
  }
}
